
Microsoft Visual Studio Solution File, Format Version 12.00
# Visual Studio Version 16
VisualStudioVersion = 16.0.30503.244
MinimumVisualStudioVersion = 10.0.40219.1
Project("{FAE04EC0-301F-11D3-BF4B-00C04F79EFBC}") = "portfolio_csharp_kanbara", "portfolio_csharp_kanbara.csproj", "{B16D4E21-A0B6-492F-89C6-10E3909DEB6C}"
EndProject
Global
	GlobalSection(SolutionConfigurationPlatforms) = preSolution
		Debug|Any CPU = Debug|Any CPU
		Release|Any CPU = Release|Any CPU
	EndGlobalSection
	GlobalSection(ProjectConfigurationPlatforms) = postSolution
		{B16D4E21-A0B6-492F-89C6-10E3909DEB6C}.Debug|Any CPU.ActiveCfg = Debug|Any CPU
		{B16D4E21-A0B6-492F-89C6-10E3909DEB6C}.Debug|Any CPU.Build.0 = Debug|Any CPU
		{B16D4E21-A0B6-492F-89C6-10E3909DEB6C}.Release|Any CPU.ActiveCfg = Release|Any CPU
		{B16D4E21-A0B6-492F-89C6-10E3909DEB6C}.Release|Any CPU.Build.0 = Release|Any CPU
	EndGlobalSection
	GlobalSection(SolutionProperties) = preSolution
		HideSolutionNode = FALSE
	EndGlobalSection
	GlobalSection(ExtensibilityGlobals) = postSolution
		SolutionGuid = {7FBDA692-8166-4825-9BDF-966D4E6818E6}
	EndGlobalSection
EndGlobal
